
Microsoft Visual Studio Solution File, Format Version 12.00
# Visual Studio 15
VisualStudioVersion = 15.0.27428.2037
MinimumVisualStudioVersion = 10.0.40219.1
Project("{FAE04EC0-301F-11D3-BF4B-00C04F79EFBC}") = "ConsoleApp4", "ConsoleApp4\ConsoleApp4.csproj", "{BE4B0688-91B4-4499-9D8B-A17F4B1AADF0}"
EndProject
Global
	GlobalSection(SolutionConfigurationPlatforms) = preSolution
		Debug|Any CPU = Debug|Any CPU
		Release|Any CPU = Release|Any CPU
	EndGlobalSection
	GlobalSection(ProjectConfigurationPlatforms) = postSolution
		{BE4B0688-91B4-4499-9D8B-A17F4B1AADF0}.Debug|Any CPU.ActiveCfg = Debug|Any CPU
		{BE4B0688-91B4-4499-9D8B-A17F4B1AADF0}.Debug|Any CPU.Build.0 = Debug|Any CPU
		{BE4B0688-91B4-4499-9D8B-A17F4B1AADF0}.Release|Any CPU.ActiveCfg = Release|Any CPU
		{BE4B0688-91B4-4499-9D8B-A17F4B1AADF0}.Release|Any CPU.Build.0 = Release|Any CPU
	EndGlobalSection
	GlobalSection(SolutionProperties) = preSolution
		HideSolutionNode = FALSE
	EndGlobalSection
	GlobalSection(ExtensibilityGlobals) = postSolution
		SolutionGuid = {92583433-D9F2-457C-B689-6007FE735C40}
	EndGlobalSection
EndGlobal
